// !$*UTF8*$!
{
	archiveVersion = 1;
	classes = {
	};
	objectVersion = 56;
	objects = {

/* Begin PBXBuildFile section */
		F7C720CB28FEDE8700BB604A /* AcroCalculatorAppApp.swift in Sources */ = {isa = PBXBuildFile; fileRef = F7C720CA28FEDE8700BB604A /* AcroCalculatorAppApp.swift */; };
		F7C720CD28FEDE8700BB604A /* ContentView.swift in Sources */ = {isa = PBXBuildFile; fileRef = F7C720CC28FEDE8700BB604A /* ContentView.swift */; };
		F7C720CF28FEDE8800BB604A /* Assets.xcassets in Resources */ = {isa = PBXBuildFile; fileRef = F7C720CE28FEDE8800BB604A /* Assets.xcassets */; };
		F7C720D328FEDE8800BB604A /* Preview Assets.xcassets in Resources */ = {isa = PBXBuildFile; fileRef = F7C720D228FEDE8800BB604A /* Preview Assets.xcassets */; };
		F7C720DD28FEDE8800BB604A /* AcroCalculatorAppTests.swift in Sources */ = {isa = PBXBuildFile; fileRef = F7C720DC28FEDE8800BB604A /* AcroCalculatorAppTests.swift */; };
		F7C720F728FEDED200BB604A /* MCFreestyle.framework in Frameworks */ = {isa = PBXBuildFile; fileRef = F7C720F628FEDED200BB604A /* MCFreestyle.framework */; };
		F7C720F828FEDED200BB604A /* MCFreestyle.framework in Embed Frameworks */ = {isa = PBXBuildFile; fileRef = F7C720F628FEDED200BB604A /* MCFreestyle.framework */; settings = {ATTRIBUTES = (CodeSignOnCopy, RemoveHeadersOnCopy, ); }; };
/* End PBXBuildFile section */

/* Begin PBXContainerItemProxy section */
		F7C720D928FEDE8800BB604A /* PBXContainerItemProxy */ = {
			isa = PBXContainerItemProxy;
			containerPortal = F7C720BF28FEDE8700BB604A /* Project object */;
			proxyType = 1;
			remoteGlobalIDString = F7C720C628FEDE8700BB604A;
			remoteInfo = AcroCalculatorApp;
		};
/* End PBXContainerItemProxy section */

/* Begin PBXCopyFilesBuildPhase section */
		F7C720F928FEDED300BB604A /* Embed Frameworks */ = {
			isa = PBXCopyFilesBuildPhase;
			buildActionMask = 2147483647;
			dstPath = "";
			dstSubfolderSpec = 10;
			files = (
				F7C720F828FEDED200BB604A /* MCFreestyle.framework in Embed Frameworks */,
			);
			name = "Embed Frameworks";
			runOnlyForDeploymentPostprocessing = 0;
		};
/* End PBXCopyFilesBuildPhase section */

/* Begin PBXFileReference section */
		F7C720C728FEDE8700BB604A /* AcroCalculatorApp.app */ = {isa = PBXFileReference; explicitFileType = wrapper.application; includeInIndex = 0; path = AcroCalculatorApp.app; sourceTree = BUILT_PRODUCTS_DIR; };
		F7C720CA28FEDE8700BB604A /* AcroCalculatorAppApp.swift */ = {isa = PBXFileReference; lastKnownFileType = sourcecode.swift; path = AcroCalculatorAppApp.swift; sourceTree = "<group>"; };
		F7C720CC28FEDE8700BB604A /* ContentView.swift */ = {isa = PBXFileReference; lastKnownFileType = sourcecode.swift; path = ContentView.swift; sourceTree = "<group>"; };
		F7C720CE28FEDE8800BB604A /* Assets.xcassets */ = {isa = PBXFileReference; lastKnownFileType = folder.assetcatalog; path = Assets.xcassets; sourceTree = "<group>"; };
		F7C720D028FEDE8800BB604A /* AcroCalculatorApp.entitlements */ = {isa = PBXFileReference; lastKnownFileType = text.plist.entitlements; path = AcroCalculatorApp.entitlements; sourceTree = "<group>"; };
		F7C720D228FEDE8800BB604A /* Preview Assets.xcassets */ = {isa = PBXFileReference; lastKnownFileType = folder.assetcatalog; path = "Preview Assets.xcassets"; sourceTree = "<group>"; };
		F7C720D828FEDE8800BB604A /* AcroCalculatorAppTests.xctest */ = {isa = PBXFileReference; explicitFileType = wrapper.cfbundle; includeInIndex = 0; path = AcroCalculatorAppTests.xctest; sourceTree = BUILT_PRODUCTS_DIR; };
		F7C720DC28FEDE8800BB604A /* AcroCalculatorAppTests.swift */ = {isa = PBXFileReference; lastKnownFileType = sourcecode.swift; path = AcroCalculatorAppTests.swift; sourceTree = "<group>"; };
		F7C720F628FEDED200BB604A /* MCFreestyle.framework */ = {isa = PBXFileReference; explicitFileType = wrapper.framework; path = MCFreestyle.framework; sourceTree = BUILT_PRODUCTS_DIR; };
/* End PBXFileReference section */

/* Begin PBXFrameworksBuildPhase section */
		F7C720C428FEDE8700BB604A /* Frameworks */ = {
			isa = PBXFrameworksBuildPhase;
			buildActionMask = 2147483647;
			files = (
				F7C720F728FEDED200BB604A /* MCFreestyle.framework in Frameworks */,
			);
			runOnlyForDeploymentPostprocessing = 0;
		};
		F7C720D528FEDE8800BB604A /* Frameworks */ = {
			isa = PBXFrameworksBuildPhase;
			buildActionMask = 2147483647;
			files = (
			);
			runOnlyForDeploymentPostprocessing = 0;
		};
/* End PBXFrameworksBuildPhase section */

/* Begin PBXGroup section */
		F7C720BE28FEDE8700BB604A = {
			isa = PBXGroup;
			children = (
				F7C720C928FEDE8700BB604A /* AcroCalculatorApp */,
				F7C720DB28FEDE8800BB604A /* AcroCalculatorAppTests */,
				F7C720C828FEDE8700BB604A /* Products */,
				F7C720F528FEDED200BB604A /* Frameworks */,
			);
			sourceTree = "<group>";
		};
		F7C720C828FEDE8700BB604A /* Products */ = {
			isa = PBXGroup;
			children = (
				F7C720C728FEDE8700BB604A /* AcroCalculatorApp.app */,
				F7C720D828FEDE8800BB604A /* AcroCalculatorAppTests.xctest */,
			);
			name = Products;
			sourceTree = "<group>";
		};
		F7C720C928FEDE8700BB604A /* AcroCalculatorApp */ = {
			isa = PBXGroup;
			children = (
				F7C720CA28FEDE8700BB604A /* AcroCalculatorAppApp.swift */,
				F7C720CC28FEDE8700BB604A /* ContentView.swift */,
				F7C720CE28FEDE8800BB604A /* Assets.xcassets */,
				F7C720D028FEDE8800BB604A /* AcroCalculatorApp.entitlements */,
				F7C720D128FEDE8800BB604A /* Preview Content */,
			);
			path = AcroCalculatorApp;
			sourceTree = "<group>";
		};
		F7C720D128FEDE8800BB604A /* Preview Content */ = {
			isa = PBXGroup;
			children = (
				F7C720D228FEDE8800BB604A /* Preview Assets.xcassets */,
			);
			path = "Preview Content";
			sourceTree = "<group>";
		};
		F7C720DB28FEDE8800BB604A /* AcroCalculatorAppTests */ = {
			isa = PBXGroup;
			children = (
				F7C720DC28FEDE8800BB604A /* AcroCalculatorAppTests.swift */,
			);
			path = AcroCalculatorAppTests;
			sourceTree = "<group>";
		};
		F7C720F528FEDED200BB604A /* Frameworks */ = {
			isa = PBXGroup;
			children = (
				F7C720F628FEDED200BB604A /* MCFreestyle.framework */,
			);
			name = Frameworks;
			sourceTree = "<group>";
		};
/* End PBXGroup section */

/* Begin PBXNativeTarget section */
		F7C720C628FEDE8700BB604A /* AcroCalculatorApp */ = {
			isa = PBXNativeTarget;
			buildConfigurationList = F7C720EC28FEDE8800BB604A /* Build configuration list for PBXNativeTarget "AcroCalculatorApp" */;
			buildPhases = (
				F7C720C328FEDE8700BB604A /* Sources */,
				F7C720C428FEDE8700BB604A /* Frameworks */,
				F7C720C528FEDE8700BB604A /* Resources */,
				F7C720F928FEDED300BB604A /* Embed Frameworks */,
			);
			buildRules = (
			);
			dependencies = (
			);
			name = AcroCalculatorApp;
			productName = AcroCalculatorApp;
			productReference = F7C720C728FEDE8700BB604A /* AcroCalculatorApp.app */;
			productType = "com.apple.product-type.application";
		};
		F7C720D728FEDE8800BB604A /* AcroCalculatorAppTests */ = {
			isa = PBXNativeTarget;
			buildConfigurationList = F7C720EF28FEDE8800BB604A /* Build configuration list for PBXNativeTarget "AcroCalculatorAppTests" */;
			buildPhases = (
				F7C720D428FEDE8800BB604A /* Sources */,
				F7C720D528FEDE8800BB604A /* Frameworks */,
				F7C720D628FEDE8800BB604A /* Resources */,
			);
			buildRules = (
			);
			dependencies = (
				F7C720DA28FEDE8800BB604A /* PBXTargetDependency */,
			);
			name = AcroCalculatorAppTests;
			productName = AcroCalculatorAppTests;
			productReference = F7C720D828FEDE8800BB604A /* AcroCalculatorAppTests.xctest */;
			productType = "com.apple.product-type.bundle.unit-test";
		};
/* End PBXNativeTarget section */

/* Begin PBXProject section */
		F7C720BF28FEDE8700BB604A /* Project object */ = {
			isa = PBXProject;
			attributes = {
				BuildIndependentTargetsInParallel = 1;
				LastSwiftUpdateCheck = 1400;
				LastUpgradeCheck = 1400;
				TargetAttributes = {
					F7C720C628FEDE8700BB604A = {
						CreatedOnToolsVersion = 14.0.1;
					};
					F7C720D728FEDE8800BB604A = {
						CreatedOnToolsVersion = 14.0.1;
						TestTargetID = F7C720C628FEDE8700BB604A;
					};
				};
			};
			buildConfigurationList = F7C720C228FEDE8700BB604A /* Build configuration list for PBXProject "AcroCalculatorApp" */;
			compatibilityVersion = "Xcode 14.0";
			developmentRegion = en;
			hasScannedForEncodings = 0;
			knownRegions = (
				en,
				Base,
			);
			mainGroup = F7C720BE28FEDE8700BB604A;
			productRefGroup = F7C720C828FEDE8700BB604A /* Products */;
			projectDirPath = "";
			projectRoot = "";
			targets = (
				F7C720C628FEDE8700BB604A /* AcroCalculatorApp */,
				F7C720D728FEDE8800BB604A /* AcroCalculatorAppTests */,
			);
		};
/* End PBXProject section */

/* Begin PBXResourcesBuildPhase section */
		F7C720C528FEDE8700BB604A /* Resources */ = {
			isa = PBXResourcesBuildPhase;
			buildActionMask = 2147483647;
			files = (
				F7C720D328FEDE8800BB604A /* Preview Assets.xcassets in Resources */,
				F7C720CF28FEDE8800BB604A /* Assets.xcassets in Resources */,
			);
			runOnlyForDeploymentPostprocessing = 0;
		};
		F7C720D628FEDE8800BB604A /* Resources */ = {
			isa = PBXResourcesBuildPhase;
			buildActionMask = 2147483647;
			files = (
			);
			runOnlyForDeploymentPostprocessing = 0;
		};
/* End PBXResourcesBuildPhase section */

/* Begin PBXSourcesBuildPhase section */
		F7C720C328FEDE8700BB604A /* Sources */ = {
			isa = PBXSourcesBuildPhase;
			buildActionMask = 2147483647;
			files = (
				F7C720CD28FEDE8700BB604A /* ContentView.swift in Sources */,
				F7C720CB28FEDE8700BB604A /* AcroCalculatorAppApp.swift in Sources */,
			);
			runOnlyForDeploymentPostprocessing = 0;
		};
		F7C720D428FEDE8800BB604A /* Sources */ = {
			isa = PBXSourcesBuildPhase;
			buildActionMask = 2147483647;
			files = (
				F7C720DD28FEDE8800BB604A /* AcroCalculatorAppTests.swift in Sources */,
			);
			runOnlyForDeploymentPostprocessing = 0;
		};
/* End PBXSourcesBuildPhase section */

/* Begin PBXTargetDependency section */
		F7C720DA28FEDE8800BB604A /* PBXTargetDependency */ = {
			isa = PBXTargetDependency;
			target = F7C720C628FEDE8700BB604A /* AcroCalculatorApp */;
			targetProxy = F7C720D928FEDE8800BB604A /* PBXContainerItemProxy */;
		};
/* End PBXTargetDependency section */

/* Begin XCBuildConfiguration section */
		F7C720EA28FEDE8800BB604A /* Debug */ = {
			isa = XCBuildConfiguration;
			buildSettings = {
				ALWAYS_SEARCH_USER_PATHS = NO;
				CLANG_ANALYZER_NONNULL = YES;
				CLANG_ANALYZER_NUMBER_OBJECT_CONVERSION = YES_AGGRESSIVE;
				CLANG_CXX_LANGUAGE_STANDARD = "gnu++20";
				CLANG_ENABLE_MODULES = YES;
				CLANG_ENABLE_OBJC_ARC = YES;
				CLANG_ENABLE_OBJC_WEAK = YES;
				CLANG_WARN_BLOCK_CAPTURE_AUTORELEASING = YES;
				CLANG_WARN_BOOL_CONVERSION = YES;
				CLANG_WARN_COMMA = YES;
				CLANG_WARN_CONSTANT_CONVERSION = YES;
				CLANG_WARN_DEPRECATED_OBJC_IMPLEMENTATIONS = YES;
				CLANG_WARN_DIRECT_OBJC_ISA_USAGE = YES_ERROR;
				CLANG_WARN_DOCUMENTATION_COMMENTS = YES;
				CLANG_WARN_EMPTY_BODY = YES;
				CLANG_WARN_ENUM_CONVERSION = YES;
				CLANG_WARN_INFINITE_RECURSION = YES;
				CLANG_WARN_INT_CONVERSION = YES;
				CLANG_WARN_NON_LITERAL_NULL_CONVERSION = YES;
				CLANG_WARN_OBJC_IMPLICIT_RETAIN_SELF = YES;
				CLANG_WARN_OBJC_LITERAL_CONVERSION = YES;
				CLANG_WARN_OBJC_ROOT_CLASS = YES_ERROR;
				CLANG_WARN_QUOTED_INCLUDE_IN_FRAMEWORK_HEADER = YES;
				CLANG_WARN_RANGE_LOOP_ANALYSIS = YES;
				CLANG_WARN_STRICT_PROTOTYPES = YES;
				CLANG_WARN_SUSPICIOUS_MOVE = YES;
				CLANG_WARN_UNGUARDED_AVAILABILITY = YES_AGGRESSIVE;
				CLANG_WARN_UNREACHABLE_CODE = YES;
				CLANG_WARN__DUPLICATE_METHOD_MATCH = YES;
				COPY_PHASE_STRIP = NO;
				DEBUG_INFORMATION_FORMAT = dwarf;
				ENABLE_STRICT_OBJC_MSGSEND = YES;
				ENABLE_TESTABILITY = YES;
				GCC_C_LANGUAGE_STANDARD = gnu11;
				GCC_DYNAMIC_NO_PIC = NO;
				GCC_NO_COMMON_BLOCKS = YES;
				GCC_OPTIMIZATION_LEVEL = 0;
				GCC_PREPROCESSOR_DEFINITIONS = (
					"DEBUG=1",
					"$(inherited)",
				);
				GCC_WARN_64_TO_32_BIT_CONVERSION = YES;
				GCC_WARN_ABOUT_RETURN_TYPE = YES_ERROR;
				GCC_WARN_UNDECLARED_SELECTOR = YES;
				GCC_WARN_UNINITIALIZED_AUTOS = YES_AGGRESSIVE;
				GCC_WARN_UNUSED_FUNCTION = YES;
				GCC_WARN_UNUSED_VARIABLE = YES;
				MTL_ENABLE_DEBUG_INFO = INCLUDE_SOURCE;
				MTL_FAST_MATH = YES;
				ONLY_ACTIVE_ARCH = YES;
				SWIFT_ACTIVE_COMPILATION_CONDITIONS = DEBUG;
				SWIFT_OPTIMIZATION_LEVEL = "-Onone";
			};
			name = Debug;
		};
		F7C720EB28FEDE8800BB604A /* Release */ = {
			isa = XCBuildConfiguration;
			buildSettings = {
				ALWAYS_SEARCH_USER_PATHS = NO;
				CLANG_ANALYZER_NONNULL = YES;
				CLANG_ANALYZER_NUMBER_OBJECT_CONVERSION = YES_AGGRESSIVE;
				CLANG_CXX_LANGUAGE_STANDARD = "gnu++20";
				CLANG_ENABLE_MODULES = YES;
				CLANG_ENABLE_OBJC_ARC = YES;
				CLANG_ENABLE_OBJC_WEAK = YES;
				CLANG_WARN_BLOCK_CAPTURE_AUTORELEASING = YES;
				CLANG_WARN_BOOL_CONVERSION = YES;
				CLANG_WARN_COMMA = YES;
				CLANG_WARN_CONSTANT_CONVERSION = YES;
				CLANG_WARN_DEPRECATED_OBJC_IMPLEMENTATIONS = YES;
				CLANG_WARN_DIRECT_OBJC_ISA_USAGE = YES_ERROR;
				CLANG_WARN_DOCUMENTATION_COMMENTS = YES;
				CLANG_WARN_EMPTY_BODY = YES;
				CLANG_WARN_ENUM_CONVERSION = YES;
				CLANG_WARN_INFINITE_RECURSION = YES;
				CLANG_WARN_INT_CONVERSION = YES;
				CLANG_WARN_NON_LITERAL_NULL_CONVERSION = YES;
				CLANG_WARN_OBJC_IMPLICIT_RETAIN_SELF = YES;
				CLANG_WARN_OBJC_LITERAL_CONVERSION = YES;
				CLANG_WARN_OBJC_ROOT_CLASS = YES_ERROR;
				CLANG_WARN_QUOTED_INCLUDE_IN_FRAMEWORK_HEADER = YES;
				CLANG_WARN_RANGE_LOOP_ANALYSIS = YES;
				CLANG_WARN_STRICT_PROTOTYPES = YES;
				CLANG_WARN_SUSPICIOUS_MOVE = YES;
				CLANG_WARN_UNGUARDED_AVAILABILITY = YES_AGGRESSIVE;
				CLANG_WARN_UNREACHABLE_CODE = YES;
				CLANG_WARN__DUPLICATE_METHOD_MATCH = YES;
				COPY_PHASE_STRIP = NO;
				DEBUG_INFORMATION_FORMAT = "dwarf-with-dsym";
				ENABLE_NS_ASSERTIONS = NO;
				ENABLE_STRICT_OBJC_MSGSEND = YES;
				GCC_C_LANGUAGE_STANDARD = gnu11;
				GCC_NO_COMMON_BLOCKS = YES;
				GCC_WARN_64_TO_32_BIT_CONVERSION = YES;
				GCC_WARN_ABOUT_RETURN_TYPE = YES_ERROR;
				GCC_WARN_UNDECLARED_SELECTOR = YES;
				GCC_WARN_UNINITIALIZED_AUTOS = YES_AGGRESSIVE;
				GCC_WARN_UNUSED_FUNCTION = YES;
				GCC_WARN_UNUSED_VARIABLE = YES;
				MTL_ENABLE_DEBUG_INFO = NO;
				MTL_FAST_MATH = YES;
				SWIFT_COMPILATION_MODE = wholemodule;
				SWIFT_OPTIMIZATION_LEVEL = "-O";
			};
			name = Release;
		};
		F7C720ED28FEDE8800BB604A /* Debug */ = {
			isa = XCBuildConfiguration;
			buildSettings = {
				ASSETCATALOG_COMPILER_APPICON_NAME = AppIcon;
				ASSETCATALOG_COMPILER_GLOBAL_ACCENT_COLOR_NAME = AccentColor;
				CODE_SIGN_ENTITLEMENTS = AcroCalculatorApp/AcroCalculatorApp.entitlements;
				CODE_SIGN_STYLE = Automatic;
				CURRENT_PROJECT_VERSION = 1;
				DEVELOPMENT_ASSET_PATHS = "\"AcroCalculatorApp/Preview Content\"";
				DEVELOPMENT_TEAM = V22FY27QPA;
				ENABLE_HARDENED_RUNTIME = YES;
				ENABLE_PREVIEWS = YES;
				GENERATE_INFOPLIST_FILE = YES;
				"INFOPLIST_KEY_UIApplicationSceneManifest_Generation[sdk=iphoneos*]" = YES;
				"INFOPLIST_KEY_UIApplicationSceneManifest_Generation[sdk=iphonesimulator*]" = YES;
				"INFOPLIST_KEY_UIApplicationSupportsIndirectInputEvents[sdk=iphoneos*]" = YES;
				"INFOPLIST_KEY_UIApplicationSupportsIndirectInputEvents[sdk=iphonesimulator*]" = YES;
				"INFOPLIST_KEY_UILaunchScreen_Generation[sdk=iphoneos*]" = YES;
				"INFOPLIST_KEY_UILaunchScreen_Generation[sdk=iphonesimulator*]" = YES;
				"INFOPLIST_KEY_UIStatusBarStyle[sdk=iphoneos*]" = UIStatusBarStyleDefault;
				"INFOPLIST_KEY_UIStatusBarStyle[sdk=iphonesimulator*]" = UIStatusBarStyleDefault;
				INFOPLIST_KEY_UISupportedInterfaceOrientations_iPad = "UIInterfaceOrientationPortrait UIInterfaceOrientationPortraitUpsideDown UIInterfaceOrientationLandscapeLeft UIInterfaceOrientationLandscapeRight";
				INFOPLIST_KEY_UISupportedInterfaceOrientations_iPhone = "UIInterfaceOrientationPortrait UIInterfaceOrientationLandscapeLeft UIInterfaceOrientationLandscapeRight";
				IPHONEOS_DEPLOYMENT_TARGET = 16.0;
				LD_RUNPATH_SEARCH_PATHS = "@executable_path/Frameworks";
				"LD_RUNPATH_SEARCH_PATHS[sdk=macosx*]" = "@executable_path/../Frameworks";
				MACOSX_DEPLOYMENT_TARGET = 12.3;
				MARKETING_VERSION = 1.0;
				PRODUCT_BUNDLE_IDENTIFIER = ch.ragu.acrocalculator.app.AcroCalculatorApp;
				PRODUCT_NAME = "$(TARGET_NAME)";
				SDKROOT = auto;
				SUPPORTED_PLATFORMS = "iphoneos iphonesimulator macosx";
				SWIFT_EMIT_LOC_STRINGS = YES;
				SWIFT_VERSION = 5.0;
				TARGETED_DEVICE_FAMILY = "1,2";
			};
			name = Debug;
		};
		F7C720EE28FEDE8800BB604A /* Release */ = {
			isa = XCBuildConfiguration;
			buildSettings = {
				ASSETCATALOG_COMPILER_APPICON_NAME = AppIcon;
				ASSETCATALOG_COMPILER_GLOBAL_ACCENT_COLOR_NAME = AccentColor;
				CODE_SIGN_ENTITLEMENTS = AcroCalculatorApp/AcroCalculatorApp.entitlements;
				CODE_SIGN_STYLE = Automatic;
				CURRENT_PROJECT_VERSION = 1;
				DEVELOPMENT_ASSET_PATHS = "\"AcroCalculatorApp/Preview Content\"";
				DEVELOPMENT_TEAM = V22FY27QPA;
				ENABLE_HARDENED_RUNTIME = YES;
				ENABLE_PREVIEWS = YES;
				GENERATE_INFOPLIST_FILE = YES;
				"INFOPLIST_KEY_UIApplicationSceneManifest_Generation[sdk=iphoneos*]" = YES;
				"INFOPLIST_KEY_UIApplicationSceneManifest_Generation[sdk=iphonesimulator*]" = YES;
				"INFOPLIST_KEY_UIApplicationSupportsIndirectInputEvents[sdk=iphoneos*]" = YES;
				"INFOPLIST_KEY_UIApplicationSupportsIndirectInputEvents[sdk=iphonesimulator*]" = YES;
				"INFOPLIST_KEY_UILaunchScreen_Generation[sdk=iphoneos*]" = YES;
				"INFOPLIST_KEY_UILaunchScreen_Generation[sdk=iphonesimulator*]" = YES;
				"INFOPLIST_KEY_UIStatusBarStyle[sdk=iphoneos*]" = UIStatusBarStyleDefault;
				"INFOPLIST_KEY_UIStatusBarStyle[sdk=iphonesimulator*]" = UIStatusBarStyleDefault;
				INFOPLIST_KEY_UISupportedInterfaceOrientations_iPad = "UIInterfaceOrientationPortrait UIInterfaceOrientationPortraitUpsideDown UIInterfaceOrientationLandscapeLeft UIInterfaceOrientationLandscapeRight";
				INFOPLIST_KEY_UISupportedInterfaceOrientations_iPhone = "UIInterfaceOrientationPortrait UIInterfaceOrientationLandscapeLeft UIInterfaceOrientationLandscapeRight";
				IPHONEOS_DEPLOYMENT_TARGET = 16.0;
				LD_RUNPATH_SEARCH_PATHS = "@executable_path/Frameworks";
				"LD_RUNPATH_SEARCH_PATHS[sdk=macosx*]" = "@executable_path/../Frameworks";
				MACOSX_DEPLOYMENT_TARGET = 12.3;
				MARKETING_VERSION = 1.0;
				PRODUCT_BUNDLE_IDENTIFIER = ch.ragu.acrocalculator.app.AcroCalculatorApp;
				PRODUCT_NAME = "$(TARGET_NAME)";
				SDKROOT = auto;
				SUPPORTED_PLATFORMS = "iphoneos iphonesimulator macosx";
				SWIFT_EMIT_LOC_STRINGS = YES;
				SWIFT_VERSION = 5.0;
				TARGETED_DEVICE_FAMILY = "1,2";
			};
			name = Release;
		};
		F7C720F028FEDE8800BB604A /* Debug */ = {
			isa = XCBuildConfiguration;
			buildSettings = {
				ALWAYS_EMBED_SWIFT_STANDARD_LIBRARIES = YES;
				BUNDLE_LOADER = "$(TEST_HOST)";
				CODE_SIGN_STYLE = Automatic;
				CURRENT_PROJECT_VERSION = 1;
				DEVELOPMENT_TEAM = V22FY27QPA;
				GENERATE_INFOPLIST_FILE = YES;
				IPHONEOS_DEPLOYMENT_TARGET = 16.0;
				MACOSX_DEPLOYMENT_TARGET = 12.3;
				MARKETING_VERSION = 1.0;
				PRODUCT_BUNDLE_IDENTIFIER = ch.ragu.acrocalculator.app.AcroCalculatorAppTests;
				PRODUCT_NAME = "$(TARGET_NAME)";
				SDKROOT = auto;
				SUPPORTED_PLATFORMS = "iphoneos iphonesimulator macosx";
				SWIFT_EMIT_LOC_STRINGS = NO;
				SWIFT_VERSION = 5.0;
				TARGETED_DEVICE_FAMILY = "1,2";
				TEST_HOST = "$(BUILT_PRODUCTS_DIR)/AcroCalculatorApp.app/$(BUNDLE_EXECUTABLE_FOLDER_PATH)/AcroCalculatorApp";
			};
			name = Debug;
		};
		F7C720F128FEDE8800BB604A /* Release */ = {
			isa = XCBuildConfiguration;
			buildSettings = {
				ALWAYS_EMBED_SWIFT_STANDARD_LIBRARIES = YES;
				BUNDLE_LOADER = "$(TEST_HOST)";
				CODE_SIGN_STYLE = Automatic;
				CURRENT_PROJECT_VERSION = 1;
				DEVELOPMENT_TEAM = V22FY27QPA;
				GENERATE_INFOPLIST_FILE = YES;
				IPHONEOS_DEPLOYMENT_TARGET = 16.0;
				MACOSX_DEPLOYMENT_TARGET = 12.3;
				MARKETING_VERSION = 1.0;
				PRODUCT_BUNDLE_IDENTIFIER = ch.ragu.acrocalculator.app.AcroCalculatorAppTests;
				PRODUCT_NAME = "$(TARGET_NAME)";
				SDKROOT = auto;
				SUPPORTED_PLATFORMS = "iphoneos iphonesimulator macosx";
				SWIFT_EMIT_LOC_STRINGS = NO;
				SWIFT_VERSION = 5.0;
				TARGETED_DEVICE_FAMILY = "1,2";
				TEST_HOST = "$(BUILT_PRODUCTS_DIR)/AcroCalculatorApp.app/$(BUNDLE_EXECUTABLE_FOLDER_PATH)/AcroCalculatorApp";
			};
			name = Release;
		};
/* End XCBuildConfiguration section */

/* Begin XCConfigurationList section */
		F7C720C228FEDE8700BB604A /* Build configuration list for PBXProject "AcroCalculatorApp" */ = {
			isa = XCConfigurationList;
			buildConfigurations = (
				F7C720EA28FEDE8800BB604A /* Debug */,
				F7C720EB28FEDE8800BB604A /* Release */,
			);
			defaultConfigurationIsVisible = 0;
			defaultConfigurationName = Release;
		};
		F7C720EC28FEDE8800BB604A /* Build configuration list for PBXNativeTarget "AcroCalculatorApp" */ = {
			isa = XCConfigurationList;
			buildConfigurations = (
				F7C720ED28FEDE8800BB604A /* Debug */,
				F7C720EE28FEDE8800BB604A /* Release */,
			);
			defaultConfigurationIsVisible = 0;
			defaultConfigurationName = Release;
		};
		F7C720EF28FEDE8800BB604A /* Build configuration list for PBXNativeTarget "AcroCalculatorAppTests" */ = {
			isa = XCConfigurationList;
			buildConfigurations = (
				F7C720F028FEDE8800BB604A /* Debug */,
				F7C720F128FEDE8800BB604A /* Release */,
			);
			defaultConfigurationIsVisible = 0;
			defaultConfigurationName = Release;
		};
/* End XCConfigurationList section */
	};
	rootObject = F7C720BF28FEDE8700BB604A /* Project object */;
}
