// !$*UTF8*$!
{
	archiveVersion = 1;
	classes = {
	};
	objectVersion = 56;
	objects = {

/* Begin PBXBuildFile section */
		F7C720A628FD7F4E00BB604A /* Calculator.framework in Frameworks */ = {isa = PBXBuildFile; fileRef = F7C7209D28FD7F4E00BB604A /* Calculator.framework */; };
		F7C720B628FD7FA700BB604A /* AcrobaticListView.swift in Sources */ = {isa = PBXBuildFile; fileRef = F7C720B528FD7FA700BB604A /* AcrobaticListView.swift */; };
		F7C720B828FD7FF100BB604A /* AcrobaticListViewModel.swift in Sources */ = {isa = PBXBuildFile; fileRef = F7C720B728FD7FF100BB604A /* AcrobaticListViewModel.swift */; };
		F7C720FB28FEE61400BB604A /* Acrobatic.swift in Sources */ = {isa = PBXBuildFile; fileRef = F7C720FA28FEE61400BB604A /* Acrobatic.swift */; };
		F7C720FE2900246600BB604A /* AcrobaticListViewModelTest.swift in Sources */ = {isa = PBXBuildFile; fileRef = F7C720FD2900246600BB604A /* AcrobaticListViewModelTest.swift */; };
		F7C8C2B6290052CF00F69E9C /* CompositionListView.swift in Sources */ = {isa = PBXBuildFile; fileRef = F7C8C2B5290052CF00F69E9C /* CompositionListView.swift */; };
		F7C8C2BA290056AF00F69E9C /* AcrobaticRepositoryProtocol.swift in Sources */ = {isa = PBXBuildFile; fileRef = F7C8C2B9290056AF00F69E9C /* AcrobaticRepositoryProtocol.swift */; };
		F7C8C2BE290057A200F69E9C /* CompositionListViewModel.swift in Sources */ = {isa = PBXBuildFile; fileRef = F7C8C2BD290057A200F69E9C /* CompositionListViewModel.swift */; };
		F7C8C2C029009E1D00F69E9C /* Figure.swift in Sources */ = {isa = PBXBuildFile; fileRef = F7C8C2BF29009E1D00F69E9C /* Figure.swift */; };
		F7C8C2C429009F8200F69E9C /* CompositionType.swift in Sources */ = {isa = PBXBuildFile; fileRef = F7C8C2C329009F8200F69E9C /* CompositionType.swift */; };
		F7E934F22901A0FD0083B9DD /* CompositionListViewModelTest.swift in Sources */ = {isa = PBXBuildFile; fileRef = F7E934F12901A0FD0083B9DD /* CompositionListViewModelTest.swift */; };
/* End PBXBuildFile section */

/* Begin PBXContainerItemProxy section */
		F7C720A728FD7F4E00BB604A /* PBXContainerItemProxy */ = {
			isa = PBXContainerItemProxy;
			containerPortal = F7C7209428FD7F4E00BB604A /* Project object */;
			proxyType = 1;
			remoteGlobalIDString = F7C7209C28FD7F4E00BB604A;
			remoteInfo = Calculator;
		};
/* End PBXContainerItemProxy section */

/* Begin PBXFileReference section */
		F7C7209D28FD7F4E00BB604A /* Calculator.framework */ = {isa = PBXFileReference; explicitFileType = wrapper.framework; includeInIndex = 0; path = Calculator.framework; sourceTree = BUILT_PRODUCTS_DIR; };
		F7C720A528FD7F4E00BB604A /* CalculatorTests.xctest */ = {isa = PBXFileReference; explicitFileType = wrapper.cfbundle; includeInIndex = 0; path = CalculatorTests.xctest; sourceTree = BUILT_PRODUCTS_DIR; };
		F7C720B528FD7FA700BB604A /* AcrobaticListView.swift */ = {isa = PBXFileReference; lastKnownFileType = sourcecode.swift; path = AcrobaticListView.swift; sourceTree = "<group>"; };
		F7C720B728FD7FF100BB604A /* AcrobaticListViewModel.swift */ = {isa = PBXFileReference; lastKnownFileType = sourcecode.swift; path = AcrobaticListViewModel.swift; sourceTree = "<group>"; };
		F7C720FA28FEE61400BB604A /* Acrobatic.swift */ = {isa = PBXFileReference; lastKnownFileType = sourcecode.swift; path = Acrobatic.swift; sourceTree = "<group>"; };
		F7C720FD2900246600BB604A /* AcrobaticListViewModelTest.swift */ = {isa = PBXFileReference; lastKnownFileType = sourcecode.swift; path = AcrobaticListViewModelTest.swift; sourceTree = "<group>"; };
		F7C8C2B5290052CF00F69E9C /* CompositionListView.swift */ = {isa = PBXFileReference; lastKnownFileType = sourcecode.swift; path = CompositionListView.swift; sourceTree = "<group>"; };
		F7C8C2B9290056AF00F69E9C /* AcrobaticRepositoryProtocol.swift */ = {isa = PBXFileReference; lastKnownFileType = sourcecode.swift; path = AcrobaticRepositoryProtocol.swift; sourceTree = "<group>"; };
		F7C8C2BD290057A200F69E9C /* CompositionListViewModel.swift */ = {isa = PBXFileReference; lastKnownFileType = sourcecode.swift; path = CompositionListViewModel.swift; sourceTree = "<group>"; };
		F7C8C2BF29009E1D00F69E9C /* Figure.swift */ = {isa = PBXFileReference; lastKnownFileType = sourcecode.swift; path = Figure.swift; sourceTree = "<group>"; };
		F7C8C2C329009F8200F69E9C /* CompositionType.swift */ = {isa = PBXFileReference; lastKnownFileType = sourcecode.swift; path = CompositionType.swift; sourceTree = "<group>"; };
		F7E934F12901A0FD0083B9DD /* CompositionListViewModelTest.swift */ = {isa = PBXFileReference; lastKnownFileType = sourcecode.swift; path = CompositionListViewModelTest.swift; sourceTree = "<group>"; };
/* End PBXFileReference section */

/* Begin PBXFrameworksBuildPhase section */
		F7C7209A28FD7F4E00BB604A /* Frameworks */ = {
			isa = PBXFrameworksBuildPhase;
			buildActionMask = 2147483647;
			files = (
			);
			runOnlyForDeploymentPostprocessing = 0;
		};
		F7C720A228FD7F4E00BB604A /* Frameworks */ = {
			isa = PBXFrameworksBuildPhase;
			buildActionMask = 2147483647;
			files = (
				F7C720A628FD7F4E00BB604A /* Calculator.framework in Frameworks */,
			);
			runOnlyForDeploymentPostprocessing = 0;
		};
/* End PBXFrameworksBuildPhase section */

/* Begin PBXGroup section */
		F7C7209328FD7F4E00BB604A = {
			isa = PBXGroup;
			children = (
				F7C7209F28FD7F4E00BB604A /* Calculator */,
				F7C720A928FD7F4E00BB604A /* CalculatorTests */,
				F7C7209E28FD7F4E00BB604A /* Products */,
			);
			sourceTree = "<group>";
		};
		F7C7209E28FD7F4E00BB604A /* Products */ = {
			isa = PBXGroup;
			children = (
				F7C7209D28FD7F4E00BB604A /* Calculator.framework */,
				F7C720A528FD7F4E00BB604A /* CalculatorTests.xctest */,
			);
			name = Products;
			sourceTree = "<group>";
		};
		F7C7209F28FD7F4E00BB604A /* Calculator */ = {
			isa = PBXGroup;
			children = (
				F7C8C2B82900569700F69E9C /* Repository */,
				F7C8C2B72900561B00F69E9C /* Presentation */,
				F7C720FC28FEE62E00BB604A /* Model */,
			);
			path = Calculator;
			sourceTree = "<group>";
		};
		F7C720A928FD7F4E00BB604A /* CalculatorTests */ = {
			isa = PBXGroup;
			children = (
				F7C720FD2900246600BB604A /* AcrobaticListViewModelTest.swift */,
				F7E934F12901A0FD0083B9DD /* CompositionListViewModelTest.swift */,
			);
			path = CalculatorTests;
			sourceTree = "<group>";
		};
		F7C720FC28FEE62E00BB604A /* Model */ = {
			isa = PBXGroup;
			children = (
				F7C720FA28FEE61400BB604A /* Acrobatic.swift */,
				F7C8C2BF29009E1D00F69E9C /* Figure.swift */,
				F7C8C2C329009F8200F69E9C /* CompositionType.swift */,
			);
			path = Model;
			sourceTree = "<group>";
		};
		F7C8C2B72900561B00F69E9C /* Presentation */ = {
			isa = PBXGroup;
			children = (
				F7C720B528FD7FA700BB604A /* AcrobaticListView.swift */,
				F7C720B728FD7FF100BB604A /* AcrobaticListViewModel.swift */,
				F7C8C2B5290052CF00F69E9C /* CompositionListView.swift */,
				F7C8C2BD290057A200F69E9C /* CompositionListViewModel.swift */,
			);
			path = Presentation;
			sourceTree = "<group>";
		};
		F7C8C2B82900569700F69E9C /* Repository */ = {
			isa = PBXGroup;
			children = (
				F7C8C2B9290056AF00F69E9C /* AcrobaticRepositoryProtocol.swift */,
			);
			path = Repository;
			sourceTree = "<group>";
		};
/* End PBXGroup section */

/* Begin PBXHeadersBuildPhase section */
		F7C7209828FD7F4E00BB604A /* Headers */ = {
			isa = PBXHeadersBuildPhase;
			buildActionMask = 2147483647;
			files = (
			);
			runOnlyForDeploymentPostprocessing = 0;
		};
/* End PBXHeadersBuildPhase section */

/* Begin PBXNativeTarget section */
		F7C7209C28FD7F4E00BB604A /* Calculator */ = {
			isa = PBXNativeTarget;
			buildConfigurationList = F7C720AF28FD7F4E00BB604A /* Build configuration list for PBXNativeTarget "Calculator" */;
			buildPhases = (
				F7C7209828FD7F4E00BB604A /* Headers */,
				F7C7209928FD7F4E00BB604A /* Sources */,
				F7C7209A28FD7F4E00BB604A /* Frameworks */,
				F7C7209B28FD7F4E00BB604A /* Resources */,
			);
			buildRules = (
			);
			dependencies = (
			);
			name = Calculator;
			productName = Calculator;
			productReference = F7C7209D28FD7F4E00BB604A /* Calculator.framework */;
			productType = "com.apple.product-type.framework";
		};
		F7C720A428FD7F4E00BB604A /* CalculatorTests */ = {
			isa = PBXNativeTarget;
			buildConfigurationList = F7C720B228FD7F4E00BB604A /* Build configuration list for PBXNativeTarget "CalculatorTests" */;
			buildPhases = (
				F7C720A128FD7F4E00BB604A /* Sources */,
				F7C720A228FD7F4E00BB604A /* Frameworks */,
				F7C720A328FD7F4E00BB604A /* Resources */,
			);
			buildRules = (
			);
			dependencies = (
				F7C720A828FD7F4E00BB604A /* PBXTargetDependency */,
			);
			name = CalculatorTests;
			productName = CalculatorTests;
			productReference = F7C720A528FD7F4E00BB604A /* CalculatorTests.xctest */;
			productType = "com.apple.product-type.bundle.unit-test";
		};
/* End PBXNativeTarget section */

/* Begin PBXProject section */
		F7C7209428FD7F4E00BB604A /* Project object */ = {
			isa = PBXProject;
			attributes = {
				BuildIndependentTargetsInParallel = 1;
				LastSwiftUpdateCheck = 1400;
				LastUpgradeCheck = 1400;
				TargetAttributes = {
					F7C7209C28FD7F4E00BB604A = {
						CreatedOnToolsVersion = 14.0.1;
						LastSwiftMigration = 1400;
					};
					F7C720A428FD7F4E00BB604A = {
						CreatedOnToolsVersion = 14.0.1;
					};
				};
			};
			buildConfigurationList = F7C7209728FD7F4E00BB604A /* Build configuration list for PBXProject "Calculator" */;
			compatibilityVersion = "Xcode 14.0";
			developmentRegion = en;
			hasScannedForEncodings = 0;
			knownRegions = (
				en,
				Base,
			);
			mainGroup = F7C7209328FD7F4E00BB604A;
			productRefGroup = F7C7209E28FD7F4E00BB604A /* Products */;
			projectDirPath = "";
			projectRoot = "";
			targets = (
				F7C7209C28FD7F4E00BB604A /* Calculator */,
				F7C720A428FD7F4E00BB604A /* CalculatorTests */,
			);
		};
/* End PBXProject section */

/* Begin PBXResourcesBuildPhase section */
		F7C7209B28FD7F4E00BB604A /* Resources */ = {
			isa = PBXResourcesBuildPhase;
			buildActionMask = 2147483647;
			files = (
			);
			runOnlyForDeploymentPostprocessing = 0;
		};
		F7C720A328FD7F4E00BB604A /* Resources */ = {
			isa = PBXResourcesBuildPhase;
			buildActionMask = 2147483647;
			files = (
			);
			runOnlyForDeploymentPostprocessing = 0;
		};
/* End PBXResourcesBuildPhase section */

/* Begin PBXSourcesBuildPhase section */
		F7C7209928FD7F4E00BB604A /* Sources */ = {
			isa = PBXSourcesBuildPhase;
			buildActionMask = 2147483647;
			files = (
				F7C8C2C429009F8200F69E9C /* CompositionType.swift in Sources */,
				F7C720B628FD7FA700BB604A /* AcrobaticListView.swift in Sources */,
				F7C8C2C029009E1D00F69E9C /* Figure.swift in Sources */,
				F7C720FB28FEE61400BB604A /* Acrobatic.swift in Sources */,
				F7C8C2BA290056AF00F69E9C /* AcrobaticRepositoryProtocol.swift in Sources */,
				F7C720B828FD7FF100BB604A /* AcrobaticListViewModel.swift in Sources */,
				F7C8C2BE290057A200F69E9C /* CompositionListViewModel.swift in Sources */,
				F7C8C2B6290052CF00F69E9C /* CompositionListView.swift in Sources */,
			);
			runOnlyForDeploymentPostprocessing = 0;
		};
		F7C720A128FD7F4E00BB604A /* Sources */ = {
			isa = PBXSourcesBuildPhase;
			buildActionMask = 2147483647;
			files = (
				F7C720FE2900246600BB604A /* AcrobaticListViewModelTest.swift in Sources */,
				F7E934F22901A0FD0083B9DD /* CompositionListViewModelTest.swift in Sources */,
			);
			runOnlyForDeploymentPostprocessing = 0;
		};
/* End PBXSourcesBuildPhase section */

/* Begin PBXTargetDependency section */
		F7C720A828FD7F4E00BB604A /* PBXTargetDependency */ = {
			isa = PBXTargetDependency;
			target = F7C7209C28FD7F4E00BB604A /* Calculator */;
			targetProxy = F7C720A728FD7F4E00BB604A /* PBXContainerItemProxy */;
		};
/* End PBXTargetDependency section */

/* Begin XCBuildConfiguration section */
		F7C720AD28FD7F4E00BB604A /* Debug */ = {
			isa = XCBuildConfiguration;
			buildSettings = {
				ALWAYS_SEARCH_USER_PATHS = NO;
				CLANG_ANALYZER_NONNULL = YES;
				CLANG_ANALYZER_NUMBER_OBJECT_CONVERSION = YES_AGGRESSIVE;
				CLANG_CXX_LANGUAGE_STANDARD = "gnu++20";
				CLANG_ENABLE_MODULES = YES;
				CLANG_ENABLE_OBJC_ARC = YES;
				CLANG_ENABLE_OBJC_WEAK = YES;
				CLANG_WARN_BLOCK_CAPTURE_AUTORELEASING = YES;
				CLANG_WARN_BOOL_CONVERSION = YES;
				CLANG_WARN_COMMA = YES;
				CLANG_WARN_CONSTANT_CONVERSION = YES;
				CLANG_WARN_DEPRECATED_OBJC_IMPLEMENTATIONS = YES;
				CLANG_WARN_DIRECT_OBJC_ISA_USAGE = YES_ERROR;
				CLANG_WARN_DOCUMENTATION_COMMENTS = YES;
				CLANG_WARN_EMPTY_BODY = YES;
				CLANG_WARN_ENUM_CONVERSION = YES;
				CLANG_WARN_INFINITE_RECURSION = YES;
				CLANG_WARN_INT_CONVERSION = YES;
				CLANG_WARN_NON_LITERAL_NULL_CONVERSION = YES;
				CLANG_WARN_OBJC_IMPLICIT_RETAIN_SELF = YES;
				CLANG_WARN_OBJC_LITERAL_CONVERSION = YES;
				CLANG_WARN_OBJC_ROOT_CLASS = YES_ERROR;
				CLANG_WARN_QUOTED_INCLUDE_IN_FRAMEWORK_HEADER = YES;
				CLANG_WARN_RANGE_LOOP_ANALYSIS = YES;
				CLANG_WARN_STRICT_PROTOTYPES = YES;
				CLANG_WARN_SUSPICIOUS_MOVE = YES;
				CLANG_WARN_UNGUARDED_AVAILABILITY = YES_AGGRESSIVE;
				CLANG_WARN_UNREACHABLE_CODE = YES;
				CLANG_WARN__DUPLICATE_METHOD_MATCH = YES;
				COPY_PHASE_STRIP = NO;
				CURRENT_PROJECT_VERSION = 1;
				DEBUG_INFORMATION_FORMAT = dwarf;
				ENABLE_STRICT_OBJC_MSGSEND = YES;
				ENABLE_TESTABILITY = YES;
				GCC_C_LANGUAGE_STANDARD = gnu11;
				GCC_DYNAMIC_NO_PIC = NO;
				GCC_NO_COMMON_BLOCKS = YES;
				GCC_OPTIMIZATION_LEVEL = 0;
				GCC_PREPROCESSOR_DEFINITIONS = (
					"DEBUG=1",
					"$(inherited)",
				);
				GCC_WARN_64_TO_32_BIT_CONVERSION = YES;
				GCC_WARN_ABOUT_RETURN_TYPE = YES_ERROR;
				GCC_WARN_UNDECLARED_SELECTOR = YES;
				GCC_WARN_UNINITIALIZED_AUTOS = YES_AGGRESSIVE;
				GCC_WARN_UNUSED_FUNCTION = YES;
				GCC_WARN_UNUSED_VARIABLE = YES;
				MTL_ENABLE_DEBUG_INFO = INCLUDE_SOURCE;
				MTL_FAST_MATH = YES;
				ONLY_ACTIVE_ARCH = YES;
				SWIFT_ACTIVE_COMPILATION_CONDITIONS = DEBUG;
				SWIFT_OPTIMIZATION_LEVEL = "-Onone";
				VERSIONING_SYSTEM = "apple-generic";
				VERSION_INFO_PREFIX = "";
			};
			name = Debug;
		};
		F7C720AE28FD7F4E00BB604A /* Release */ = {
			isa = XCBuildConfiguration;
			buildSettings = {
				ALWAYS_SEARCH_USER_PATHS = NO;
				CLANG_ANALYZER_NONNULL = YES;
				CLANG_ANALYZER_NUMBER_OBJECT_CONVERSION = YES_AGGRESSIVE;
				CLANG_CXX_LANGUAGE_STANDARD = "gnu++20";
				CLANG_ENABLE_MODULES = YES;
				CLANG_ENABLE_OBJC_ARC = YES;
				CLANG_ENABLE_OBJC_WEAK = YES;
				CLANG_WARN_BLOCK_CAPTURE_AUTORELEASING = YES;
				CLANG_WARN_BOOL_CONVERSION = YES;
				CLANG_WARN_COMMA = YES;
				CLANG_WARN_CONSTANT_CONVERSION = YES;
				CLANG_WARN_DEPRECATED_OBJC_IMPLEMENTATIONS = YES;
				CLANG_WARN_DIRECT_OBJC_ISA_USAGE = YES_ERROR;
				CLANG_WARN_DOCUMENTATION_COMMENTS = YES;
				CLANG_WARN_EMPTY_BODY = YES;
				CLANG_WARN_ENUM_CONVERSION = YES;
				CLANG_WARN_INFINITE_RECURSION = YES;
				CLANG_WARN_INT_CONVERSION = YES;
				CLANG_WARN_NON_LITERAL_NULL_CONVERSION = YES;
				CLANG_WARN_OBJC_IMPLICIT_RETAIN_SELF = YES;
				CLANG_WARN_OBJC_LITERAL_CONVERSION = YES;
				CLANG_WARN_OBJC_ROOT_CLASS = YES_ERROR;
				CLANG_WARN_QUOTED_INCLUDE_IN_FRAMEWORK_HEADER = YES;
				CLANG_WARN_RANGE_LOOP_ANALYSIS = YES;
				CLANG_WARN_STRICT_PROTOTYPES = YES;
				CLANG_WARN_SUSPICIOUS_MOVE = YES;
				CLANG_WARN_UNGUARDED_AVAILABILITY = YES_AGGRESSIVE;
				CLANG_WARN_UNREACHABLE_CODE = YES;
				CLANG_WARN__DUPLICATE_METHOD_MATCH = YES;
				COPY_PHASE_STRIP = NO;
				CURRENT_PROJECT_VERSION = 1;
				DEBUG_INFORMATION_FORMAT = "dwarf-with-dsym";
				ENABLE_NS_ASSERTIONS = NO;
				ENABLE_STRICT_OBJC_MSGSEND = YES;
				GCC_C_LANGUAGE_STANDARD = gnu11;
				GCC_NO_COMMON_BLOCKS = YES;
				GCC_WARN_64_TO_32_BIT_CONVERSION = YES;
				GCC_WARN_ABOUT_RETURN_TYPE = YES_ERROR;
				GCC_WARN_UNDECLARED_SELECTOR = YES;
				GCC_WARN_UNINITIALIZED_AUTOS = YES_AGGRESSIVE;
				GCC_WARN_UNUSED_FUNCTION = YES;
				GCC_WARN_UNUSED_VARIABLE = YES;
				MTL_ENABLE_DEBUG_INFO = NO;
				MTL_FAST_MATH = YES;
				SWIFT_COMPILATION_MODE = wholemodule;
				SWIFT_OPTIMIZATION_LEVEL = "-O";
				VERSIONING_SYSTEM = "apple-generic";
				VERSION_INFO_PREFIX = "";
			};
			name = Release;
		};
		F7C720B028FD7F4E00BB604A /* Debug */ = {
			isa = XCBuildConfiguration;
			buildSettings = {
				CLANG_ENABLE_MODULES = YES;
				CODE_SIGN_STYLE = Automatic;
				CURRENT_PROJECT_VERSION = 1;
				DEFINES_MODULE = YES;
				DEVELOPMENT_TEAM = V22FY27QPA;
				DYLIB_COMPATIBILITY_VERSION = 1;
				DYLIB_CURRENT_VERSION = 1;
				DYLIB_INSTALL_NAME_BASE = "@rpath";
				GENERATE_INFOPLIST_FILE = YES;
				INFOPLIST_KEY_NSHumanReadableCopyright = "";
				INSTALL_PATH = "$(LOCAL_LIBRARY_DIR)/Frameworks";
				IPHONEOS_DEPLOYMENT_TARGET = 16.0;
				LD_RUNPATH_SEARCH_PATHS = (
					"@executable_path/Frameworks",
					"@loader_path/Frameworks",
				);
				"LD_RUNPATH_SEARCH_PATHS[sdk=macosx*]" = (
					"@executable_path/../Frameworks",
					"@loader_path/Frameworks",
				);
				MACOSX_DEPLOYMENT_TARGET = 12.3;
				MARKETING_VERSION = 1.0;
				PRODUCT_BUNDLE_IDENTIFIER = ch.ragu.acrocalculator.feature.Calculator;
				PRODUCT_NAME = "$(TARGET_NAME:c99extidentifier)";
				SDKROOT = auto;
				SKIP_INSTALL = YES;
				SUPPORTED_PLATFORMS = "iphoneos iphonesimulator";
				SUPPORTS_MACCATALYST = NO;
				SUPPORTS_MAC_DESIGNED_FOR_IPHONE_IPAD = NO;
				SWIFT_EMIT_LOC_STRINGS = YES;
				SWIFT_OPTIMIZATION_LEVEL = "-Onone";
				SWIFT_VERSION = 5.0;
				TARGETED_DEVICE_FAMILY = "1,2";
			};
			name = Debug;
		};
		F7C720B128FD7F4E00BB604A /* Release */ = {
			isa = XCBuildConfiguration;
			buildSettings = {
				CLANG_ENABLE_MODULES = YES;
				CODE_SIGN_STYLE = Automatic;
				CURRENT_PROJECT_VERSION = 1;
				DEFINES_MODULE = YES;
				DEVELOPMENT_TEAM = V22FY27QPA;
				DYLIB_COMPATIBILITY_VERSION = 1;
				DYLIB_CURRENT_VERSION = 1;
				DYLIB_INSTALL_NAME_BASE = "@rpath";
				GENERATE_INFOPLIST_FILE = YES;
				INFOPLIST_KEY_NSHumanReadableCopyright = "";
				INSTALL_PATH = "$(LOCAL_LIBRARY_DIR)/Frameworks";
				IPHONEOS_DEPLOYMENT_TARGET = 16.0;
				LD_RUNPATH_SEARCH_PATHS = (
					"@executable_path/Frameworks",
					"@loader_path/Frameworks",
				);
				"LD_RUNPATH_SEARCH_PATHS[sdk=macosx*]" = (
					"@executable_path/../Frameworks",
					"@loader_path/Frameworks",
				);
				MACOSX_DEPLOYMENT_TARGET = 12.3;
				MARKETING_VERSION = 1.0;
				PRODUCT_BUNDLE_IDENTIFIER = ch.ragu.acrocalculator.feature.Calculator;
				PRODUCT_NAME = "$(TARGET_NAME:c99extidentifier)";
				SDKROOT = auto;
				SKIP_INSTALL = YES;
				SUPPORTED_PLATFORMS = "iphoneos iphonesimulator";
				SUPPORTS_MACCATALYST = NO;
				SUPPORTS_MAC_DESIGNED_FOR_IPHONE_IPAD = NO;
				SWIFT_EMIT_LOC_STRINGS = YES;
				SWIFT_VERSION = 5.0;
				TARGETED_DEVICE_FAMILY = "1,2";
			};
			name = Release;
		};
		F7C720B328FD7F4E00BB604A /* Debug */ = {
			isa = XCBuildConfiguration;
			buildSettings = {
				ALWAYS_EMBED_SWIFT_STANDARD_LIBRARIES = YES;
				CODE_SIGN_STYLE = Automatic;
				CURRENT_PROJECT_VERSION = 1;
				DEVELOPMENT_TEAM = V22FY27QPA;
				GENERATE_INFOPLIST_FILE = YES;
				IPHONEOS_DEPLOYMENT_TARGET = 16.0;
				MACOSX_DEPLOYMENT_TARGET = 12.3;
				MARKETING_VERSION = 1.0;
				PRODUCT_BUNDLE_IDENTIFIER = ch.ragu.acrocalculator.feature.CalculatorTests;
				PRODUCT_NAME = "$(TARGET_NAME)";
				SDKROOT = auto;
				SUPPORTED_PLATFORMS = "iphoneos iphonesimulator";
				SUPPORTS_MACCATALYST = NO;
				SUPPORTS_MAC_DESIGNED_FOR_IPHONE_IPAD = NO;
				SWIFT_EMIT_LOC_STRINGS = NO;
				SWIFT_VERSION = 5.0;
				TARGETED_DEVICE_FAMILY = "1,2";
			};
			name = Debug;
		};
		F7C720B428FD7F4E00BB604A /* Release */ = {
			isa = XCBuildConfiguration;
			buildSettings = {
				ALWAYS_EMBED_SWIFT_STANDARD_LIBRARIES = YES;
				CODE_SIGN_STYLE = Automatic;
				CURRENT_PROJECT_VERSION = 1;
				DEVELOPMENT_TEAM = V22FY27QPA;
				GENERATE_INFOPLIST_FILE = YES;
				IPHONEOS_DEPLOYMENT_TARGET = 16.0;
				MACOSX_DEPLOYMENT_TARGET = 12.3;
				MARKETING_VERSION = 1.0;
				PRODUCT_BUNDLE_IDENTIFIER = ch.ragu.acrocalculator.feature.CalculatorTests;
				PRODUCT_NAME = "$(TARGET_NAME)";
				SDKROOT = auto;
				SUPPORTED_PLATFORMS = "iphoneos iphonesimulator";
				SUPPORTS_MACCATALYST = NO;
				SUPPORTS_MAC_DESIGNED_FOR_IPHONE_IPAD = NO;
				SWIFT_EMIT_LOC_STRINGS = NO;
				SWIFT_VERSION = 5.0;
				TARGETED_DEVICE_FAMILY = "1,2";
			};
			name = Release;
		};
/* End XCBuildConfiguration section */

/* Begin XCConfigurationList section */
		F7C7209728FD7F4E00BB604A /* Build configuration list for PBXProject "Calculator" */ = {
			isa = XCConfigurationList;
			buildConfigurations = (
				F7C720AD28FD7F4E00BB604A /* Debug */,
				F7C720AE28FD7F4E00BB604A /* Release */,
			);
			defaultConfigurationIsVisible = 0;
			defaultConfigurationName = Release;
		};
		F7C720AF28FD7F4E00BB604A /* Build configuration list for PBXNativeTarget "Calculator" */ = {
			isa = XCConfigurationList;
			buildConfigurations = (
				F7C720B028FD7F4E00BB604A /* Debug */,
				F7C720B128FD7F4E00BB604A /* Release */,
			);
			defaultConfigurationIsVisible = 0;
			defaultConfigurationName = Release;
		};
		F7C720B228FD7F4E00BB604A /* Build configuration list for PBXNativeTarget "CalculatorTests" */ = {
			isa = XCConfigurationList;
			buildConfigurations = (
				F7C720B328FD7F4E00BB604A /* Debug */,
				F7C720B428FD7F4E00BB604A /* Release */,
			);
			defaultConfigurationIsVisible = 0;
			defaultConfigurationName = Release;
		};
/* End XCConfigurationList section */
	};
	rootObject = F7C7209428FD7F4E00BB604A /* Project object */;
}
